
Microsoft Visual Studio Solution File, Format Version 12.00
# Visual Studio Version 17
VisualStudioVersion = 17.2.32519.379
MinimumVisualStudioVersion = 10.0.40219.1
Project("{FAE04EC0-301F-11D3-BF4B-00C04F79EFBC}") = "WinFormsLesson5", "WinFormsLesson5\WinFormsLesson5.csproj", "{ABBE255F-6250-4E33-90F9-8F9DB5416BA0}"
EndProject
Global
	GlobalSection(SolutionConfigurationPlatforms) = preSolution
		Debug|Any CPU = Debug|Any CPU
		Release|Any CPU = Release|Any CPU
	EndGlobalSection
	GlobalSection(ProjectConfigurationPlatforms) = postSolution
		{ABBE255F-6250-4E33-90F9-8F9DB5416BA0}.Debug|Any CPU.ActiveCfg = Debug|Any CPU
		{ABBE255F-6250-4E33-90F9-8F9DB5416BA0}.Debug|Any CPU.Build.0 = Debug|Any CPU
		{ABBE255F-6250-4E33-90F9-8F9DB5416BA0}.Release|Any CPU.ActiveCfg = Release|Any CPU
		{ABBE255F-6250-4E33-90F9-8F9DB5416BA0}.Release|Any CPU.Build.0 = Release|Any CPU
	EndGlobalSection
	GlobalSection(SolutionProperties) = preSolution
		HideSolutionNode = FALSE
	EndGlobalSection
	GlobalSection(ExtensibilityGlobals) = postSolution
		SolutionGuid = {9C04A509-29E5-4B56-A656-F2DE00DD33E1}
	EndGlobalSection
EndGlobal
